<?xml version="1.0" encoding="UTF-8" standalone="yes" ?>
<CodeBlocks_project_file>
	<FileVersion major="1" minor="6" />
	<Project>
		<Option title="trabalho3" />
		<Option pch_mode="2" />
		<Option compiler="gcc" />
		<Option virtualFolders="Headers/" />
		<Build>
			<Target title="Debug">
				<Option output="bin/Debug/trabalho3" prefix_auto="1" extension_auto="1" />
				<Option object_output="obj/Debug/" />
				<Option type="1" />
				<Option compiler="gcc" />
				<Compiler>
					<Add option="-g" />
				</Compiler>
			</Target>
			<Target title="Release">
				<Option output="bin/Release/trabalho3" prefix_auto="1" extension_auto="1" />
				<Option object_output="obj/Release/" />
				<Option type="1" />
				<Option compiler="gcc" />
				<Compiler>
					<Add option="-O2" />
				</Compiler>
			</Target>
		</Build>
		<Compiler>
			<Add option="-Wall" />
			<Add option="-fexceptions" />
			<Add option="-lpthread" />
			<Add option="-ldl" />
		</Compiler>
		<Unit filename="Dominios/CEP.cpp" />
		<Unit filename="Dominios/CEP.h" />
		<Unit filename="Dominios/CPF.cpp" />
		<Unit filename="Dominios/CPF.h" />
		<Unit filename="Dominios/Classe.cpp" />
		<Unit filename="Dominios/Classe.h" />
		<Unit filename="Dominios/CodigoDeAgencia.cpp" />
		<Unit filename="Dominios/CodigoDeAgencia.h" />
		<Unit filename="Dominios/CodigoDeAplicacao.cpp" />
		<Unit filename="Dominios/CodigoDeAplicacao.h" />
		<Unit filename="Dominios/CodigoDeBanco.cpp" />
		<Unit filename="Dominios/CodigoDeBanco.h" />
		<Unit filename="Dominios/CodigoDeProduto.cpp" />
		<Unit filename="Dominios/CodigoDeProduto.h" />
		<Unit filename="Dominios/Data.cpp" />
		<Unit filename="Dominios/Data.h" />
		<Unit filename="Dominios/Emissor.cpp" />
		<Unit filename="Dominios/Emissor.h" />
		<Unit filename="Dominios/Endereco.cpp" />
		<Unit filename="Dominios/Endereco.h" />
		<Unit filename="Dominios/Horario.cpp" />
		<Unit filename="Dominios/Horario.h" />
		<Unit filename="Dominios/Nome.cpp" />
		<Unit filename="Dominios/Nome.h" />
		<Unit filename="Dominios/Numero.cpp" />
		<Unit filename="Dominios/Numero.h" />
		<Unit filename="Dominios/Prazo.cpp" />
		<Unit filename="Dominios/Prazo.h" />
		<Unit filename="Dominios/Senha.cpp" />
		<Unit filename="Dominios/Senha.h" />
		<Unit filename="Dominios/Taxa.cpp" />
		<Unit filename="Dominios/Taxa.h" />
		<Unit filename="Dominios/ValorDeAplicacao.cpp" />
		<Unit filename="Dominios/ValorDeAplicacao.h" />
		<Unit filename="Dominios/ValorMinimo.cpp" />
		<Unit filename="Dominios/ValorMinimo.h" />
		<Unit filename="Entidades/Aplicacao.cpp" />
		<Unit filename="Entidades/Aplicacao.h" />
		<Unit filename="Entidades/Conta.cpp" />
		<Unit filename="Entidades/Conta.h" />
		<Unit filename="Entidades/IncludeAll.h" />
		<Unit filename="Entidades/Produto.cpp" />
		<Unit filename="Entidades/Produto.h" />
		<Unit filename="Entidades/Usuario.cpp" />
		<Unit filename="Entidades/Usuario.h" />
		<Unit filename="Servicos/BancoSQL/GerenciadorBancoSQL.cpp" />
		<Unit filename="Servicos/BancoSQL/GerenciadorBancoSQL.h" />
		<Unit filename="Servicos/BancoSQL/sqlite3.c">
			<Option compilerVar="CC" />
		</Unit>
		<Unit filename="Servicos/BancoSQL/sqlite3.h" />
		<Unit filename="Servicos/Controladoras/IncludeAll.h" />
		<Unit filename="Servicos/Controladoras/MeuGerenciadorDeAplicacao.cpp" />
		<Unit filename="Servicos/Controladoras/MeuGerenciadorDeAplicacao.h" />
		<Unit filename="Servicos/Controladoras/MeuGerenciadorDeConta.cpp" />
		<Unit filename="Servicos/Controladoras/MeuGerenciadorDeConta.h" />
		<Unit filename="Servicos/Controladoras/MeuGerenciadorDeProduto.cpp" />
		<Unit filename="Servicos/Controladoras/MeuGerenciadorDeProduto.h" />
		<Unit filename="Servicos/Controladoras/MeuGerenciadorDeUsuario.cpp" />
		<Unit filename="Servicos/Controladoras/MeuGerenciadorDeUsuario.h" />
		<Unit filename="Servicos/Interfaces/IGerenciadorDeAplicacao.h" />
		<Unit filename="Servicos/Interfaces/IGerenciadorDeConta.h" />
		<Unit filename="Servicos/Interfaces/IGerenciadorDeProduto.h" />
		<Unit filename="Servicos/Interfaces/IGerenciadorDeUsuario.h" />
		<Unit filename="main.cpp" />
		<Extensions>
			<DoxyBlocks>
				<comment_style block="0" line="0" />
				<doxyfile_project output_language="Portuguese" />
				<doxyfile_build extract_all="1" extract_private="1" extract_static="1" />
				<doxyfile_warnings />
				<doxyfile_output />
				<doxyfile_dot />
				<general />
			</DoxyBlocks>
			<lib_finder disable_auto="1" />
		</Extensions>
	</Project>
</CodeBlocks_project_file>
